
Microsoft Visual Studio Solution File, Format Version 12.00
# Visual Studio 15
VisualStudioVersion = 15.0.28307.779
MinimumVisualStudioVersion = 10.0.40219.1
Project("{FAE04EC0-301F-11D3-BF4B-00C04F79EFBC}") = "FoodHealthModulo2", "FoodHealthModulo2\FoodHealthModulo2.csproj", "{1EB4813D-F948-45B5-9643-B80349DC1249}"
EndProject
Global
	GlobalSection(SolutionConfigurationPlatforms) = preSolution
		Debug|Any CPU = Debug|Any CPU
		Release|Any CPU = Release|Any CPU
	EndGlobalSection
	GlobalSection(ProjectConfigurationPlatforms) = postSolution
		{1EB4813D-F948-45B5-9643-B80349DC1249}.Debug|Any CPU.ActiveCfg = Debug|Any CPU
		{1EB4813D-F948-45B5-9643-B80349DC1249}.Debug|Any CPU.Build.0 = Debug|Any CPU
		{1EB4813D-F948-45B5-9643-B80349DC1249}.Release|Any CPU.ActiveCfg = Release|Any CPU
		{1EB4813D-F948-45B5-9643-B80349DC1249}.Release|Any CPU.Build.0 = Release|Any CPU
	EndGlobalSection
	GlobalSection(SolutionProperties) = preSolution
		HideSolutionNode = FALSE
	EndGlobalSection
	GlobalSection(ExtensibilityGlobals) = postSolution
		SolutionGuid = {9673BC62-2515-4471-BBD0-7E60CCAA5E54}
	EndGlobalSection
EndGlobal
