
Microsoft Visual Studio Solution File, Format Version 12.00
# Visual Studio 15
VisualStudioVersion = 15.0.28307.757
MinimumVisualStudioVersion = 10.0.40219.1
Project("{FAE04EC0-301F-11D3-BF4B-00C04F79EFBC}") = "Food_Health_Modulo_2", "Food_Health_Modulo_2\Food_Health_Modulo_2.csproj", "{DD403A86-7DD7-426B-B063-FAECCE021011}"
EndProject
Global
	GlobalSection(SolutionConfigurationPlatforms) = preSolution
		Debug|Any CPU = Debug|Any CPU
		Release|Any CPU = Release|Any CPU
	EndGlobalSection
	GlobalSection(ProjectConfigurationPlatforms) = postSolution
		{DD403A86-7DD7-426B-B063-FAECCE021011}.Debug|Any CPU.ActiveCfg = Debug|Any CPU
		{DD403A86-7DD7-426B-B063-FAECCE021011}.Debug|Any CPU.Build.0 = Debug|Any CPU
		{DD403A86-7DD7-426B-B063-FAECCE021011}.Release|Any CPU.ActiveCfg = Release|Any CPU
		{DD403A86-7DD7-426B-B063-FAECCE021011}.Release|Any CPU.Build.0 = Release|Any CPU
	EndGlobalSection
	GlobalSection(SolutionProperties) = preSolution
		HideSolutionNode = FALSE
	EndGlobalSection
	GlobalSection(ExtensibilityGlobals) = postSolution
		SolutionGuid = {16C51634-D40A-41CC-9643-6A570ECCA9E2}
	EndGlobalSection
EndGlobal
