
Microsoft Visual Studio Solution File, Format Version 12.00
# Visual Studio Version 16
VisualStudioVersion = 16.0.29123.88
MinimumVisualStudioVersion = 10.0.40219.1
Project("{FAE04EC0-301F-11D3-BF4B-00C04F79EFBC}") = "Vista", "Vista\Vista.csproj", "{8406A507-F6A1-4094-841F-23227EEDA11B}"
EndProject
Project("{FAE04EC0-301F-11D3-BF4B-00C04F79EFBC}") = "Modelo", "Modelo\Modelo.csproj", "{C9B11631-40C6-4300-B8B0-46EC33888332}"
EndProject
Global
	GlobalSection(SolutionConfigurationPlatforms) = preSolution
		Debug|Any CPU = Debug|Any CPU
		Release|Any CPU = Release|Any CPU
	EndGlobalSection
	GlobalSection(ProjectConfigurationPlatforms) = postSolution
		{8406A507-F6A1-4094-841F-23227EEDA11B}.Debug|Any CPU.ActiveCfg = Debug|Any CPU
		{8406A507-F6A1-4094-841F-23227EEDA11B}.Debug|Any CPU.Build.0 = Debug|Any CPU
		{8406A507-F6A1-4094-841F-23227EEDA11B}.Release|Any CPU.ActiveCfg = Release|Any CPU
		{8406A507-F6A1-4094-841F-23227EEDA11B}.Release|Any CPU.Build.0 = Release|Any CPU
		{C9B11631-40C6-4300-B8B0-46EC33888332}.Debug|Any CPU.ActiveCfg = Debug|Any CPU
		{C9B11631-40C6-4300-B8B0-46EC33888332}.Debug|Any CPU.Build.0 = Debug|Any CPU
		{C9B11631-40C6-4300-B8B0-46EC33888332}.Release|Any CPU.ActiveCfg = Release|Any CPU
		{C9B11631-40C6-4300-B8B0-46EC33888332}.Release|Any CPU.Build.0 = Release|Any CPU
	EndGlobalSection
	GlobalSection(SolutionProperties) = preSolution
		HideSolutionNode = FALSE
	EndGlobalSection
	GlobalSection(ExtensibilityGlobals) = postSolution
		SolutionGuid = {B0BDB08B-56BD-4AB8-B4C4-EF9167C6C10D}
	EndGlobalSection
EndGlobal
